
Microsoft Visual Studio Solution File, Format Version 12.00
# Visual Studio Version 16
VisualStudioVersion = 16.0.30621.155
MinimumVisualStudioVersion = 10.0.40219.1
Project("{8BC9CEB8-8B4A-11D0-8D11-00A0C91BC942}") = "Tzefa", "Tzefa\Tzefa.vcxproj", "{A6E44048-E412-44DA-9A8A-33A807D95013}"
EndProject
Global
	GlobalSection(SolutionConfigurationPlatforms) = preSolution
		Debug|x64 = Debug|x64
		Debug|x86 = Debug|x86
		Release|x64 = Release|x64
		Release|x86 = Release|x86
	EndGlobalSection
	GlobalSection(ProjectConfigurationPlatforms) = postSolution
		{A6E44048-E412-44DA-9A8A-33A807D95013}.Debug|x64.ActiveCfg = Debug|x64
		{A6E44048-E412-44DA-9A8A-33A807D95013}.Debug|x64.Build.0 = Debug|x64
		{A6E44048-E412-44DA-9A8A-33A807D95013}.Debug|x86.ActiveCfg = Debug|Win32
		{A6E44048-E412-44DA-9A8A-33A807D95013}.Debug|x86.Build.0 = Debug|Win32
		{A6E44048-E412-44DA-9A8A-33A807D95013}.Release|x64.ActiveCfg = Release|x64
		{A6E44048-E412-44DA-9A8A-33A807D95013}.Release|x64.Build.0 = Release|x64
		{A6E44048-E412-44DA-9A8A-33A807D95013}.Release|x86.ActiveCfg = Release|Win32
		{A6E44048-E412-44DA-9A8A-33A807D95013}.Release|x86.Build.0 = Release|Win32
	EndGlobalSection
	GlobalSection(SolutionProperties) = preSolution
		HideSolutionNode = FALSE
	EndGlobalSection
	GlobalSection(ExtensibilityGlobals) = postSolution
		SolutionGuid = {5B89AA15-7691-48EA-B710-599367414F75}
	EndGlobalSection
EndGlobal
